
Microsoft Visual Studio Solution File, Format Version 12.00
# Visual Studio 15
VisualStudioVersion = 15.0.26730.16
MinimumVisualStudioVersion = 10.0.40219.1
Project("{FAE04EC0-301F-11D3-BF4B-00C04F79EFBC}") = "MopidyReport", "MopidyReport\MopidyReport.csproj", "{50B43D21-FD9E-407B-A10B-C529D1C9A41F}"
EndProject
Global
	GlobalSection(SolutionConfigurationPlatforms) = preSolution
		Debug|Any CPU = Debug|Any CPU
		Release|Any CPU = Release|Any CPU
	EndGlobalSection
	GlobalSection(ProjectConfigurationPlatforms) = postSolution
		{50B43D21-FD9E-407B-A10B-C529D1C9A41F}.Debug|Any CPU.ActiveCfg = Debug|Any CPU
		{50B43D21-FD9E-407B-A10B-C529D1C9A41F}.Debug|Any CPU.Build.0 = Debug|Any CPU
		{50B43D21-FD9E-407B-A10B-C529D1C9A41F}.Release|Any CPU.ActiveCfg = Release|Any CPU
		{50B43D21-FD9E-407B-A10B-C529D1C9A41F}.Release|Any CPU.Build.0 = Release|Any CPU
	EndGlobalSection
	GlobalSection(SolutionProperties) = preSolution
		HideSolutionNode = FALSE
	EndGlobalSection
	GlobalSection(ExtensibilityGlobals) = postSolution
		SolutionGuid = {65D49BA2-18B8-4058-8211-493D9F75F4BF}
	EndGlobalSection
EndGlobal
